// !$*UTF8*$!
{
	archiveVersion = 1;
	classes = {
	};
	objectVersion = 50;
	objects = {

/* Begin PBXBuildFile section */
		0F065CBF2362CF91003C68ED /* SlideShow.swift in Sources */ = {isa = PBXBuildFile; fileRef = 0F065CBE2362CF91003C68ED /* SlideShow.swift */; };
		0F065CC12362D001003C68ED /* HomeViewModel.swift in Sources */ = {isa = PBXBuildFile; fileRef = 0F065CC02362D001003C68ED /* HomeViewModel.swift */; };
		0F065CC32362D07C003C68ED /* HomeServices.swift in Sources */ = {isa = PBXBuildFile; fileRef = 0F065CC22362D07C003C68ED /* HomeServices.swift */; };
		0F4812C023542C82000FBC49 /* Login.swift in Sources */ = {isa = PBXBuildFile; fileRef = 0F4812BF23542C82000FBC49 /* Login.swift */; };
		0F4812C52354624C000FBC49 /* API_Services.swift in Sources */ = {isa = PBXBuildFile; fileRef = 0F4812C42354624C000FBC49 /* API_Services.swift */; };
		0F4812C7235466C5000FBC49 /* LoginModel.swift in Sources */ = {isa = PBXBuildFile; fileRef = 0F4812C6235466C5000FBC49 /* LoginModel.swift */; };
		0F4812C923546A3E000FBC49 /* LoginViewModel.swift in Sources */ = {isa = PBXBuildFile; fileRef = 0F4812C823546A3E000FBC49 /* LoginViewModel.swift */; };
		0F72FC882355747300248BD5 /* Account.swift in Sources */ = {isa = PBXBuildFile; fileRef = 0F72FC872355747200248BD5 /* Account.swift */; };
		0F78AC2D23617C79003332AC /* Contoh1.swift in Sources */ = {isa = PBXBuildFile; fileRef = 0F78AC2C23617C79003332AC /* Contoh1.swift */; };
		0F78AC2F23617C95003332AC /* Contoh2.swift in Sources */ = {isa = PBXBuildFile; fileRef = 0F78AC2E23617C95003332AC /* Contoh2.swift */; };
		0FD04A2523600F71003B78B7 /* YBTextPickerDataModel.swift in Sources */ = {isa = PBXBuildFile; fileRef = 0FD04A1C23600F71003B78B7 /* YBTextPickerDataModel.swift */; };
		0FD04A2623600F71003B78B7 /* YBTextPickerCell.xib in Resources */ = {isa = PBXBuildFile; fileRef = 0FD04A1E23600F71003B78B7 /* YBTextPickerCell.xib */; };
		0FD04A2723600F71003B78B7 /* YBTextPickerCell.swift in Sources */ = {isa = PBXBuildFile; fileRef = 0FD04A1F23600F71003B78B7 /* YBTextPickerCell.swift */; };
		0FD04A2823600F71003B78B7 /* YBTextPicker.swift in Sources */ = {isa = PBXBuildFile; fileRef = 0FD04A2023600F71003B78B7 /* YBTextPicker.swift */; };
		0FD04A2923600F71003B78B7 /* YBTextPicker_checked.png in Resources */ = {isa = PBXBuildFile; fileRef = 0FD04A2223600F71003B78B7 /* YBTextPicker_checked.png */; };
		0FD04A2A23600F71003B78B7 /* YBTextPicker_unchecked.png in Resources */ = {isa = PBXBuildFile; fileRef = 0FD04A2323600F71003B78B7 /* YBTextPicker_unchecked.png */; };
		0FD04A2B23600F71003B78B7 /* YBTextPicker.xib in Resources */ = {isa = PBXBuildFile; fileRef = 0FD04A2423600F71003B78B7 /* YBTextPicker.xib */; };
		0FD4311A2366A6F000F8E77F /* ConsigneeList.swift in Sources */ = {isa = PBXBuildFile; fileRef = 0FD431192366A6F000F8E77F /* ConsigneeList.swift */; };
		0FD4311C2366A7D700F8E77F /* ConsigneeListCell.swift in Sources */ = {isa = PBXBuildFile; fileRef = 0FD4311B2366A7D700F8E77F /* ConsigneeListCell.swift */; };
		0FD431202366E7F600F8E77F /* AddNewConsignee.swift in Sources */ = {isa = PBXBuildFile; fileRef = 0FD4311F2366E7F600F8E77F /* AddNewConsignee.swift */; };
		0FD431222366F5C400F8E77F /* ModifyConsignee.swift in Sources */ = {isa = PBXBuildFile; fileRef = 0FD431212366F5C400F8E77F /* ModifyConsignee.swift */; };
		0FDC24C7234F0E0300552BCB /* AppDelegate.swift in Sources */ = {isa = PBXBuildFile; fileRef = 0FDC24C6234F0E0300552BCB /* AppDelegate.swift */; };
		0FDC24C9234F0E0300552BCB /* Home.swift in Sources */ = {isa = PBXBuildFile; fileRef = 0FDC24C8234F0E0300552BCB /* Home.swift */; };
		0FDC24CC234F0E0300552BCB /* Main.storyboard in Resources */ = {isa = PBXBuildFile; fileRef = 0FDC24CA234F0E0300552BCB /* Main.storyboard */; };
		0FDC24CE234F0E0E00552BCB /* Assets.xcassets in Resources */ = {isa = PBXBuildFile; fileRef = 0FDC24CD234F0E0E00552BCB /* Assets.xcassets */; };
		0FDC24D1234F0E0E00552BCB /* LaunchScreen.storyboard in Resources */ = {isa = PBXBuildFile; fileRef = 0FDC24CF234F0E0E00552BCB /* LaunchScreen.storyboard */; };
		0FDD696D23595AF700BE021D /* ScheduleList.swift in Sources */ = {isa = PBXBuildFile; fileRef = 0FDD696C23595AF700BE021D /* ScheduleList.swift */; };
		0FDD697023595C2B00BE021D /* ScheduleListCell.swift in Sources */ = {isa = PBXBuildFile; fileRef = 0FDD696F23595C2B00BE021D /* ScheduleListCell.swift */; };
		0FDD697223598E0300BE021D /* ScheduleViewModel.swift in Sources */ = {isa = PBXBuildFile; fileRef = 0FDD697123598E0300BE021D /* ScheduleViewModel.swift */; };
		0FDD697423598FF300BE021D /* ScheduleServices.swift in Sources */ = {isa = PBXBuildFile; fileRef = 0FDD697323598FF300BE021D /* ScheduleServices.swift */; };
		0FDD6976235994A400BE021D /* RemotePelabuhan.swift in Sources */ = {isa = PBXBuildFile; fileRef = 0FDD6975235994A400BE021D /* RemotePelabuhan.swift */; };
		0FDD69782359A35E00BE021D /* ListScheduleModel.swift in Sources */ = {isa = PBXBuildFile; fileRef = 0FDD69772359A35E00BE021D /* ListScheduleModel.swift */; };
		0FDD697A2359BF4B00BE021D /* ScheduleListViewModel.swift in Sources */ = {isa = PBXBuildFile; fileRef = 0FDD69792359BF4B00BE021D /* ScheduleListViewModel.swift */; };
		0FE78015235070C100CD6361 /* Schedule.swift in Sources */ = {isa = PBXBuildFile; fileRef = 0FE78014235070C100CD6361 /* Schedule.swift */; };
		0FEA5FE9235DBC7D0065DF98 /* APDynamicType.swift in Sources */ = {isa = PBXBuildFile; fileRef = 0FEA5FDE235DBC7C0065DF98 /* APDynamicType.swift */; };
		0FEA5FEA235DBC7D0065DF98 /* APHorizontalScrollCollectionView.swift in Sources */ = {isa = PBXBuildFile; fileRef = 0FEA5FE0235DBC7C0065DF98 /* APHorizontalScrollCollectionView.swift */; };
		0FEA5FEB235DBC7D0065DF98 /* APCalendarViewController.swift in Sources */ = {isa = PBXBuildFile; fileRef = 0FEA5FE1235DBC7C0065DF98 /* APCalendarViewController.swift */; };
		0FEA5FEC235DBC7D0065DF98 /* Calendar.storyboard in Resources */ = {isa = PBXBuildFile; fileRef = 0FEA5FE2235DBC7C0065DF98 /* Calendar.storyboard */; };
		0FEA5FED235DBC7D0065DF98 /* APCustomCalendarYearCell.swift in Sources */ = {isa = PBXBuildFile; fileRef = 0FEA5FE4235DBC7C0065DF98 /* APCustomCalendarYearCell.swift */; };
		0FEA5FEE235DBC7D0065DF98 /* APCustomCalendarContainer.swift in Sources */ = {isa = PBXBuildFile; fileRef = 0FEA5FE5235DBC7C0065DF98 /* APCustomCalendarContainer.swift */; };
		0FEA5FEF235DBC7D0065DF98 /* CalendarAssets.xcassets in Resources */ = {isa = PBXBuildFile; fileRef = 0FEA5FE6235DBC7C0065DF98 /* CalendarAssets.xcassets */; };
		0FEA5FF0235DBC7D0065DF98 /* HapticFeedbackGenerator.swift in Sources */ = {isa = PBXBuildFile; fileRef = 0FEA5FE8235DBC7C0065DF98 /* HapticFeedbackGenerator.swift */; };
		0FF6026B235D4AAC0078089E /* ListScheduleNC.swift in Sources */ = {isa = PBXBuildFile; fileRef = 0FF6026A235D4AAC0078089E /* ListScheduleNC.swift */; };
		0FF7B8C9235EBCAF00F08DF5 /* AccountNC.swift in Sources */ = {isa = PBXBuildFile; fileRef = 0FF7B8C8235EBCAF00F08DF5 /* AccountNC.swift */; };
		C90F2CC5291568110DBE65B8 /* Pods_Meratus.framework in Frameworks */ = {isa = PBXBuildFile; fileRef = 9904763A715AF69B1167DA67 /* Pods_Meratus.framework */; };
/* End PBXBuildFile section */

/* Begin PBXFileReference section */
		0F065CBE2362CF91003C68ED /* SlideShow.swift */ = {isa = PBXFileReference; lastKnownFileType = sourcecode.swift; path = SlideShow.swift; sourceTree = "<group>"; };
		0F065CC02362D001003C68ED /* HomeViewModel.swift */ = {isa = PBXFileReference; lastKnownFileType = sourcecode.swift; path = HomeViewModel.swift; sourceTree = "<group>"; };
		0F065CC22362D07C003C68ED /* HomeServices.swift */ = {isa = PBXFileReference; lastKnownFileType = sourcecode.swift; path = HomeServices.swift; sourceTree = "<group>"; };
		0F4812BF23542C82000FBC49 /* Login.swift */ = {isa = PBXFileReference; lastKnownFileType = sourcecode.swift; path = Login.swift; sourceTree = "<group>"; };
		0F4812C42354624C000FBC49 /* API_Services.swift */ = {isa = PBXFileReference; lastKnownFileType = sourcecode.swift; path = API_Services.swift; sourceTree = "<group>"; };
		0F4812C6235466C5000FBC49 /* LoginModel.swift */ = {isa = PBXFileReference; lastKnownFileType = sourcecode.swift; path = LoginModel.swift; sourceTree = "<group>"; };
		0F4812C823546A3E000FBC49 /* LoginViewModel.swift */ = {isa = PBXFileReference; lastKnownFileType = sourcecode.swift; path = LoginViewModel.swift; sourceTree = "<group>"; };
		0F72FC872355747200248BD5 /* Account.swift */ = {isa = PBXFileReference; lastKnownFileType = sourcecode.swift; path = Account.swift; sourceTree = "<group>"; };
		0F78AC2C23617C79003332AC /* Contoh1.swift */ = {isa = PBXFileReference; lastKnownFileType = sourcecode.swift; path = Contoh1.swift; sourceTree = "<group>"; };
		0F78AC2E23617C95003332AC /* Contoh2.swift */ = {isa = PBXFileReference; lastKnownFileType = sourcecode.swift; path = Contoh2.swift; sourceTree = "<group>"; };
		0FD04A1C23600F71003B78B7 /* YBTextPickerDataModel.swift */ = {isa = PBXFileReference; fileEncoding = 4; lastKnownFileType = sourcecode.swift; path = YBTextPickerDataModel.swift; sourceTree = "<group>"; };
		0FD04A1E23600F71003B78B7 /* YBTextPickerCell.xib */ = {isa = PBXFileReference; fileEncoding = 4; lastKnownFileType = file.xib; path = YBTextPickerCell.xib; sourceTree = "<group>"; };
		0FD04A1F23600F71003B78B7 /* YBTextPickerCell.swift */ = {isa = PBXFileReference; fileEncoding = 4; lastKnownFileType = sourcecode.swift; path = YBTextPickerCell.swift; sourceTree = "<group>"; };
		0FD04A2023600F71003B78B7 /* YBTextPicker.swift */ = {isa = PBXFileReference; fileEncoding = 4; lastKnownFileType = sourcecode.swift; path = YBTextPicker.swift; sourceTree = "<group>"; };
		0FD04A2223600F71003B78B7 /* YBTextPicker_checked.png */ = {isa = PBXFileReference; lastKnownFileType = image.png; path = YBTextPicker_checked.png; sourceTree = "<group>"; };
		0FD04A2323600F71003B78B7 /* YBTextPicker_unchecked.png */ = {isa = PBXFileReference; lastKnownFileType = image.png; path = YBTextPicker_unchecked.png; sourceTree = "<group>"; };
		0FD04A2423600F71003B78B7 /* YBTextPicker.xib */ = {isa = PBXFileReference; fileEncoding = 4; lastKnownFileType = file.xib; path = YBTextPicker.xib; sourceTree = "<group>"; };
		0FD431192366A6F000F8E77F /* ConsigneeList.swift */ = {isa = PBXFileReference; lastKnownFileType = sourcecode.swift; path = ConsigneeList.swift; sourceTree = "<group>"; };
		0FD4311B2366A7D700F8E77F /* ConsigneeListCell.swift */ = {isa = PBXFileReference; lastKnownFileType = sourcecode.swift; path = ConsigneeListCell.swift; sourceTree = "<group>"; };
		0FD4311F2366E7F600F8E77F /* AddNewConsignee.swift */ = {isa = PBXFileReference; lastKnownFileType = sourcecode.swift; path = AddNewConsignee.swift; sourceTree = "<group>"; };
		0FD431212366F5C400F8E77F /* ModifyConsignee.swift */ = {isa = PBXFileReference; lastKnownFileType = sourcecode.swift; path = ModifyConsignee.swift; sourceTree = "<group>"; };
		0FDC24C3234F0E0300552BCB /* Meratus.app */ = {isa = PBXFileReference; explicitFileType = wrapper.application; includeInIndex = 0; path = Meratus.app; sourceTree = BUILT_PRODUCTS_DIR; };
		0FDC24C6234F0E0300552BCB /* AppDelegate.swift */ = {isa = PBXFileReference; lastKnownFileType = sourcecode.swift; path = AppDelegate.swift; sourceTree = "<group>"; };
		0FDC24C8234F0E0300552BCB /* Home.swift */ = {isa = PBXFileReference; lastKnownFileType = sourcecode.swift; path = Home.swift; sourceTree = "<group>"; };
		0FDC24CB234F0E0300552BCB /* Base */ = {isa = PBXFileReference; lastKnownFileType = file.storyboard; name = Base; path = Base.lproj/Main.storyboard; sourceTree = "<group>"; };
		0FDC24CD234F0E0E00552BCB /* Assets.xcassets */ = {isa = PBXFileReference; lastKnownFileType = folder.assetcatalog; path = Assets.xcassets; sourceTree = "<group>"; };
		0FDC24D0234F0E0E00552BCB /* Base */ = {isa = PBXFileReference; lastKnownFileType = file.storyboard; name = Base; path = Base.lproj/LaunchScreen.storyboard; sourceTree = "<group>"; };
		0FDC24D2234F0E0E00552BCB /* Info.plist */ = {isa = PBXFileReference; lastKnownFileType = text.plist.xml; path = Info.plist; sourceTree = "<group>"; };
		0FDD696C23595AF700BE021D /* ScheduleList.swift */ = {isa = PBXFileReference; lastKnownFileType = sourcecode.swift; path = ScheduleList.swift; sourceTree = "<group>"; };
		0FDD696F23595C2B00BE021D /* ScheduleListCell.swift */ = {isa = PBXFileReference; lastKnownFileType = sourcecode.swift; path = ScheduleListCell.swift; sourceTree = "<group>"; };
		0FDD697123598E0300BE021D /* ScheduleViewModel.swift */ = {isa = PBXFileReference; lastKnownFileType = sourcecode.swift; path = ScheduleViewModel.swift; sourceTree = "<group>"; };
		0FDD697323598FF300BE021D /* ScheduleServices.swift */ = {isa = PBXFileReference; lastKnownFileType = sourcecode.swift; path = ScheduleServices.swift; sourceTree = "<group>"; };
		0FDD6975235994A400BE021D /* RemotePelabuhan.swift */ = {isa = PBXFileReference; lastKnownFileType = sourcecode.swift; path = RemotePelabuhan.swift; sourceTree = "<group>"; };
		0FDD69772359A35E00BE021D /* ListScheduleModel.swift */ = {isa = PBXFileReference; lastKnownFileType = sourcecode.swift; path = ListScheduleModel.swift; sourceTree = "<group>"; };
		0FDD69792359BF4B00BE021D /* ScheduleListViewModel.swift */ = {isa = PBXFileReference; lastKnownFileType = sourcecode.swift; path = ScheduleListViewModel.swift; sourceTree = "<group>"; };
		0FE78014235070C100CD6361 /* Schedule.swift */ = {isa = PBXFileReference; lastKnownFileType = sourcecode.swift; path = Schedule.swift; sourceTree = "<group>"; };
		0FEA5FDA235DBB7A0065DF98 /* AVCalendarFramework */ = {isa = PBXFileReference; lastKnownFileType = folder; name = AVCalendarFramework; path = "../../../Downloads/vyasanirudh-AVCalendar-2faa3fd/AVCalendarFramework"; sourceTree = "<group>"; };
		0FEA5FDE235DBC7C0065DF98 /* APDynamicType.swift */ = {isa = PBXFileReference; fileEncoding = 4; lastKnownFileType = sourcecode.swift; path = APDynamicType.swift; sourceTree = "<group>"; };
		0FEA5FE0235DBC7C0065DF98 /* APHorizontalScrollCollectionView.swift */ = {isa = PBXFileReference; fileEncoding = 4; lastKnownFileType = sourcecode.swift; path = APHorizontalScrollCollectionView.swift; sourceTree = "<group>"; };
		0FEA5FE1235DBC7C0065DF98 /* APCalendarViewController.swift */ = {isa = PBXFileReference; fileEncoding = 4; lastKnownFileType = sourcecode.swift; path = APCalendarViewController.swift; sourceTree = "<group>"; };
		0FEA5FE2235DBC7C0065DF98 /* Calendar.storyboard */ = {isa = PBXFileReference; fileEncoding = 4; lastKnownFileType = file.storyboard; path = Calendar.storyboard; sourceTree = "<group>"; };
		0FEA5FE4235DBC7C0065DF98 /* APCustomCalendarYearCell.swift */ = {isa = PBXFileReference; fileEncoding = 4; lastKnownFileType = sourcecode.swift; path = APCustomCalendarYearCell.swift; sourceTree = "<group>"; };
		0FEA5FE5235DBC7C0065DF98 /* APCustomCalendarContainer.swift */ = {isa = PBXFileReference; fileEncoding = 4; lastKnownFileType = sourcecode.swift; path = APCustomCalendarContainer.swift; sourceTree = "<group>"; };
		0FEA5FE6235DBC7C0065DF98 /* CalendarAssets.xcassets */ = {isa = PBXFileReference; lastKnownFileType = folder.assetcatalog; path = CalendarAssets.xcassets; sourceTree = "<group>"; };
		0FEA5FE8235DBC7C0065DF98 /* HapticFeedbackGenerator.swift */ = {isa = PBXFileReference; fileEncoding = 4; lastKnownFileType = sourcecode.swift; path = HapticFeedbackGenerator.swift; sourceTree = "<group>"; };
		0FF6026A235D4AAC0078089E /* ListScheduleNC.swift */ = {isa = PBXFileReference; lastKnownFileType = sourcecode.swift; path = ListScheduleNC.swift; sourceTree = "<group>"; };
		0FF7B8C8235EBCAF00F08DF5 /* AccountNC.swift */ = {isa = PBXFileReference; lastKnownFileType = sourcecode.swift; path = AccountNC.swift; sourceTree = "<group>"; };
		9904763A715AF69B1167DA67 /* Pods_Meratus.framework */ = {isa = PBXFileReference; explicitFileType = wrapper.framework; includeInIndex = 0; path = Pods_Meratus.framework; sourceTree = BUILT_PRODUCTS_DIR; };
		D6CCF8D3A1058317C5DA2C2C /* Pods-Meratus.debug.xcconfig */ = {isa = PBXFileReference; includeInIndex = 1; lastKnownFileType = text.xcconfig; name = "Pods-Meratus.debug.xcconfig"; path = "Pods/Target Support Files/Pods-Meratus/Pods-Meratus.debug.xcconfig"; sourceTree = "<group>"; };
		F30E162A7682A04E6C0BE405 /* Pods-Meratus.release.xcconfig */ = {isa = PBXFileReference; includeInIndex = 1; lastKnownFileType = text.xcconfig; name = "Pods-Meratus.release.xcconfig"; path = "Pods/Target Support Files/Pods-Meratus/Pods-Meratus.release.xcconfig"; sourceTree = "<group>"; };
/* End PBXFileReference section */

/* Begin PBXFrameworksBuildPhase section */
		0FDC24C0234F0E0300552BCB /* Frameworks */ = {
			isa = PBXFrameworksBuildPhase;
			buildActionMask = 2147483647;
			files = (
				C90F2CC5291568110DBE65B8 /* Pods_Meratus.framework in Frameworks */,
			);
			runOnlyForDeploymentPostprocessing = 0;
		};
/* End PBXFrameworksBuildPhase section */

/* Begin PBXGroup section */
		0F72A70723558D37004A7A9E /* Services */ = {
			isa = PBXGroup;
			children = (
				0F4812C42354624C000FBC49 /* API_Services.swift */,
				0FDD697323598FF300BE021D /* ScheduleServices.swift */,
				0F065CC22362D07C003C68ED /* HomeServices.swift */,
			);
			path = Services;
			sourceTree = "<group>";
		};
		0FD04A1B23600F71003B78B7 /* YBTextPicker */ = {
			isa = PBXGroup;
			children = (
				0FD04A1C23600F71003B78B7 /* YBTextPickerDataModel.swift */,
				0FD04A1D23600F71003B78B7 /* YBTextPickerCell */,
				0FD04A2023600F71003B78B7 /* YBTextPicker.swift */,
				0FD04A2123600F71003B78B7 /* Assets */,
				0FD04A2423600F71003B78B7 /* YBTextPicker.xib */,
			);
			name = YBTextPicker;
			path = "../../../../Downloads/YBTextPicker-master/YBTextPicker/YBTextPicker";
			sourceTree = "<group>";
		};
		0FD04A1D23600F71003B78B7 /* YBTextPickerCell */ = {
			isa = PBXGroup;
			children = (
				0FD04A1E23600F71003B78B7 /* YBTextPickerCell.xib */,
				0FD04A1F23600F71003B78B7 /* YBTextPickerCell.swift */,
			);
			path = YBTextPickerCell;
			sourceTree = "<group>";
		};
		0FD04A2123600F71003B78B7 /* Assets */ = {
			isa = PBXGroup;
			children = (
				0FD04A2223600F71003B78B7 /* YBTextPicker_checked.png */,
				0FD04A2323600F71003B78B7 /* YBTextPicker_unchecked.png */,
			);
			path = Assets;
			sourceTree = "<group>";
		};
		0FDC24BA234F0E0300552BCB = {
			isa = PBXGroup;
			children = (
				0FDC24C5234F0E0300552BCB /* Meratus */,
				0FDC24C4234F0E0300552BCB /* Products */,
				19B6008A4778CE7F7D1ADF51 /* Pods */,
				86EB8C52758DB26A1135227B /* Frameworks */,
			);
			sourceTree = "<group>";
		};
		0FDC24C4234F0E0300552BCB /* Products */ = {
			isa = PBXGroup;
			children = (
				0FDC24C3234F0E0300552BCB /* Meratus.app */,
			);
			name = Products;
			sourceTree = "<group>";
		};
		0FDC24C5234F0E0300552BCB /* Meratus */ = {
			isa = PBXGroup;
			children = (
				0FD04A1B23600F71003B78B7 /* YBTextPicker */,
				0FEA5FDC235DBC7C0065DF98 /* AVCalendar */,
				0FDD696E23595C0B00BE021D /* Cell */,
				0F72A70723558D37004A7A9E /* Services */,
				0FDC24DA234F0EC500552BCB /* View */,
				0FDC24D9234F0EAE00552BCB /* ViewModel */,
				0FDC24D8234F0E9E00552BCB /* Model */,
				0FDC24C6234F0E0300552BCB /* AppDelegate.swift */,
				0FDC24CA234F0E0300552BCB /* Main.storyboard */,
				0F78AC2C23617C79003332AC /* Contoh1.swift */,
				0F78AC2E23617C95003332AC /* Contoh2.swift */,
				0FDC24CD234F0E0E00552BCB /* Assets.xcassets */,
				0FDC24CF234F0E0E00552BCB /* LaunchScreen.storyboard */,
				0FDC24D2234F0E0E00552BCB /* Info.plist */,
				0FF6026A235D4AAC0078089E /* ListScheduleNC.swift */,
				0FF7B8C8235EBCAF00F08DF5 /* AccountNC.swift */,
			);
			path = Meratus;
			sourceTree = "<group>";
		};
		0FDC24D8234F0E9E00552BCB /* Model */ = {
			isa = PBXGroup;
			children = (
				0F4812C6235466C5000FBC49 /* LoginModel.swift */,
				0FDD6975235994A400BE021D /* RemotePelabuhan.swift */,
				0FDD69772359A35E00BE021D /* ListScheduleModel.swift */,
				0F065CBE2362CF91003C68ED /* SlideShow.swift */,
			);
			path = Model;
			sourceTree = "<group>";
		};
		0FDC24D9234F0EAE00552BCB /* ViewModel */ = {
			isa = PBXGroup;
			children = (
				0F4812C823546A3E000FBC49 /* LoginViewModel.swift */,
				0FDD697123598E0300BE021D /* ScheduleViewModel.swift */,
				0FDD69792359BF4B00BE021D /* ScheduleListViewModel.swift */,
				0F065CC02362D001003C68ED /* HomeViewModel.swift */,
			);
			path = ViewModel;
			sourceTree = "<group>";
		};
		0FDC24DA234F0EC500552BCB /* View */ = {
			isa = PBXGroup;
			children = (
				0FDC24C8234F0E0300552BCB /* Home.swift */,
				0FE78014235070C100CD6361 /* Schedule.swift */,
				0F4812BF23542C82000FBC49 /* Login.swift */,
				0F72FC872355747200248BD5 /* Account.swift */,
				0FDD696C23595AF700BE021D /* ScheduleList.swift */,
				0FD431192366A6F000F8E77F /* ConsigneeList.swift */,
				0FD4311F2366E7F600F8E77F /* AddNewConsignee.swift */,
				0FD431212366F5C400F8E77F /* ModifyConsignee.swift */,
			);
			path = View;
			sourceTree = "<group>";
		};
		0FDD696E23595C0B00BE021D /* Cell */ = {
			isa = PBXGroup;
			children = (
				0FDD696F23595C2B00BE021D /* ScheduleListCell.swift */,
				0FD4311B2366A7D700F8E77F /* ConsigneeListCell.swift */,
			);
			path = Cell;
			sourceTree = "<group>";
		};
		0FEA5FDC235DBC7C0065DF98 /* AVCalendar */ = {
			isa = PBXGroup;
			children = (
				0FEA5FDD235DBC7C0065DF98 /* DynamicType */,
				0FEA5FDF235DBC7C0065DF98 /* CustomCalendarController */,
				0FEA5FE7235DBC7C0065DF98 /* Protocols */,
			);
			name = AVCalendar;
			path = "../../../../Downloads/vyasanirudh-AVCalendar-2faa3fd/AVCalendarSample/AVCalendar";
			sourceTree = "<group>";
		};
		0FEA5FDD235DBC7C0065DF98 /* DynamicType */ = {
			isa = PBXGroup;
			children = (
				0FEA5FDE235DBC7C0065DF98 /* APDynamicType.swift */,
			);
			path = DynamicType;
			sourceTree = "<group>";
		};
		0FEA5FDF235DBC7C0065DF98 /* CustomCalendarController */ = {
			isa = PBXGroup;
			children = (
				0FEA5FE0235DBC7C0065DF98 /* APHorizontalScrollCollectionView.swift */,
				0FEA5FE1235DBC7C0065DF98 /* APCalendarViewController.swift */,
				0FEA5FE2235DBC7C0065DF98 /* Calendar.storyboard */,
				0FEA5FE3235DBC7C0065DF98 /* APCustomCalenderCells */,
				0FEA5FE5235DBC7C0065DF98 /* APCustomCalendarContainer.swift */,
				0FEA5FE6235DBC7C0065DF98 /* CalendarAssets.xcassets */,
			);
			path = CustomCalendarController;
			sourceTree = "<group>";
		};
		0FEA5FE3235DBC7C0065DF98 /* APCustomCalenderCells */ = {
			isa = PBXGroup;
			children = (
				0FEA5FE4235DBC7C0065DF98 /* APCustomCalendarYearCell.swift */,
			);
			path = APCustomCalenderCells;
			sourceTree = "<group>";
		};
		0FEA5FE7235DBC7C0065DF98 /* Protocols */ = {
			isa = PBXGroup;
			children = (
				0FEA5FE8235DBC7C0065DF98 /* HapticFeedbackGenerator.swift */,
			);
			path = Protocols;
			sourceTree = "<group>";
		};
		19B6008A4778CE7F7D1ADF51 /* Pods */ = {
			isa = PBXGroup;
			children = (
				D6CCF8D3A1058317C5DA2C2C /* Pods-Meratus.debug.xcconfig */,
				F30E162A7682A04E6C0BE405 /* Pods-Meratus.release.xcconfig */,
			);
			name = Pods;
			sourceTree = "<group>";
		};
		86EB8C52758DB26A1135227B /* Frameworks */ = {
			isa = PBXGroup;
			children = (
				0FEA5FDA235DBB7A0065DF98 /* AVCalendarFramework */,
				9904763A715AF69B1167DA67 /* Pods_Meratus.framework */,
			);
			name = Frameworks;
			sourceTree = "<group>";
		};
/* End PBXGroup section */

/* Begin PBXNativeTarget section */
		0FDC24C2234F0E0300552BCB /* Meratus */ = {
			isa = PBXNativeTarget;
			buildConfigurationList = 0FDC24D5234F0E0E00552BCB /* Build configuration list for PBXNativeTarget "Meratus" */;
			buildPhases = (
				58E63F993D717F468C4F1D6D /* [CP] Check Pods Manifest.lock */,
				0FDC24BF234F0E0300552BCB /* Sources */,
				0FDC24C0234F0E0300552BCB /* Frameworks */,
				0FDC24C1234F0E0300552BCB /* Resources */,
				77D05ADDD92893F195E98EDE /* [CP] Embed Pods Frameworks */,
			);
			buildRules = (
			);
			dependencies = (
			);
			name = Meratus;
			productName = Meratus;
			productReference = 0FDC24C3234F0E0300552BCB /* Meratus.app */;
			productType = "com.apple.product-type.application";
		};
/* End PBXNativeTarget section */

/* Begin PBXProject section */
		0FDC24BB234F0E0300552BCB /* Project object */ = {
			isa = PBXProject;
			attributes = {
				LastSwiftUpdateCheck = 1030;
				LastUpgradeCheck = 1030;
				ORGANIZATIONNAME = "Wibi Herlangga";
				TargetAttributes = {
					0FDC24C2234F0E0300552BCB = {
						CreatedOnToolsVersion = 10.3;
					};
				};
			};
			buildConfigurationList = 0FDC24BE234F0E0300552BCB /* Build configuration list for PBXProject "Meratus" */;
			compatibilityVersion = "Xcode 9.3";
			developmentRegion = en;
			hasScannedForEncodings = 0;
			knownRegions = (
				en,
				Base,
			);
			mainGroup = 0FDC24BA234F0E0300552BCB;
			productRefGroup = 0FDC24C4234F0E0300552BCB /* Products */;
			projectDirPath = "";
			projectRoot = "";
			targets = (
				0FDC24C2234F0E0300552BCB /* Meratus */,
			);
		};
/* End PBXProject section */

/* Begin PBXResourcesBuildPhase section */
		0FDC24C1234F0E0300552BCB /* Resources */ = {
			isa = PBXResourcesBuildPhase;
			buildActionMask = 2147483647;
			files = (
				0FEA5FEC235DBC7D0065DF98 /* Calendar.storyboard in Resources */,
				0FD04A2B23600F71003B78B7 /* YBTextPicker.xib in Resources */,
				0FEA5FEF235DBC7D0065DF98 /* CalendarAssets.xcassets in Resources */,
				0FDC24D1234F0E0E00552BCB /* LaunchScreen.storyboard in Resources */,
				0FDC24CE234F0E0E00552BCB /* Assets.xcassets in Resources */,
				0FD04A2A23600F71003B78B7 /* YBTextPicker_unchecked.png in Resources */,
				0FD04A2923600F71003B78B7 /* YBTextPicker_checked.png in Resources */,
				0FDC24CC234F0E0300552BCB /* Main.storyboard in Resources */,
				0FD04A2623600F71003B78B7 /* YBTextPickerCell.xib in Resources */,
			);
			runOnlyForDeploymentPostprocessing = 0;
		};
/* End PBXResourcesBuildPhase section */

/* Begin PBXShellScriptBuildPhase section */
		58E63F993D717F468C4F1D6D /* [CP] Check Pods Manifest.lock */ = {
			isa = PBXShellScriptBuildPhase;
			buildActionMask = 2147483647;
			files = (
			);
			inputPaths = (
				"${PODS_PODFILE_DIR_PATH}/Podfile.lock",
				"${PODS_ROOT}/Manifest.lock",
			);
			name = "[CP] Check Pods Manifest.lock";
			outputPaths = (
				"$(DERIVED_FILE_DIR)/Pods-Meratus-checkManifestLockResult.txt",
			);
			runOnlyForDeploymentPostprocessing = 0;
			shellPath = /bin/sh;
			shellScript = "diff \"${PODS_PODFILE_DIR_PATH}/Podfile.lock\" \"${PODS_ROOT}/Manifest.lock\" > /dev/null\nif [ $? != 0 ] ; then\n    # print error to STDERR\n    echo \"error: The sandbox is not in sync with the Podfile.lock. Run 'pod install' or update your CocoaPods installation.\" >&2\n    exit 1\nfi\n# This output is used by Xcode 'outputs' to avoid re-running this script phase.\necho \"SUCCESS\" > \"${SCRIPT_OUTPUT_FILE_0}\"\n";
			showEnvVarsInLog = 0;
		};
		77D05ADDD92893F195E98EDE /* [CP] Embed Pods Frameworks */ = {
			isa = PBXShellScriptBuildPhase;
			buildActionMask = 2147483647;
			files = (
			);
			inputPaths = (
				"${SRCROOT}/Pods/Target Support Files/Pods-Meratus/Pods-Meratus-frameworks.sh",
				"${BUILT_PRODUCTS_DIR}/Alamofire/Alamofire.framework",
				"${BUILT_PRODUCTS_DIR}/AlamofireImage/AlamofireImage.framework",
				"${BUILT_PRODUCTS_DIR}/FontAwesome.swift/FontAwesome_swift.framework",
				"${BUILT_PRODUCTS_DIR}/ImageSlideshow/ImageSlideshow.framework",
				"${BUILT_PRODUCTS_DIR}/JJFloatingActionButton/JJFloatingActionButton.framework",
				"${BUILT_PRODUCTS_DIR}/SkyFloatingLabelTextField/SkyFloatingLabelTextField.framework",
				"${BUILT_PRODUCTS_DIR}/SwiftyJSON/SwiftyJSON.framework",
				"${BUILT_PRODUCTS_DIR}/TinyConstraints/TinyConstraints.framework",
				"${BUILT_PRODUCTS_DIR}/XLPagerTabStrip/XLPagerTabStrip.framework",
			);
			name = "[CP] Embed Pods Frameworks";
			outputPaths = (
				"${TARGET_BUILD_DIR}/${FRAMEWORKS_FOLDER_PATH}/Alamofire.framework",
				"${TARGET_BUILD_DIR}/${FRAMEWORKS_FOLDER_PATH}/AlamofireImage.framework",
				"${TARGET_BUILD_DIR}/${FRAMEWORKS_FOLDER_PATH}/FontAwesome_swift.framework",
				"${TARGET_BUILD_DIR}/${FRAMEWORKS_FOLDER_PATH}/ImageSlideshow.framework",
				"${TARGET_BUILD_DIR}/${FRAMEWORKS_FOLDER_PATH}/JJFloatingActionButton.framework",
				"${TARGET_BUILD_DIR}/${FRAMEWORKS_FOLDER_PATH}/SkyFloatingLabelTextField.framework",
				"${TARGET_BUILD_DIR}/${FRAMEWORKS_FOLDER_PATH}/SwiftyJSON.framework",
				"${TARGET_BUILD_DIR}/${FRAMEWORKS_FOLDER_PATH}/TinyConstraints.framework",
				"${TARGET_BUILD_DIR}/${FRAMEWORKS_FOLDER_PATH}/XLPagerTabStrip.framework",
			);
			runOnlyForDeploymentPostprocessing = 0;
			shellPath = /bin/sh;
			shellScript = "\"${SRCROOT}/Pods/Target Support Files/Pods-Meratus/Pods-Meratus-frameworks.sh\"\n";
			showEnvVarsInLog = 0;
		};
/* End PBXShellScriptBuildPhase section */

/* Begin PBXSourcesBuildPhase section */
		0FDC24BF234F0E0300552BCB /* Sources */ = {
			isa = PBXSourcesBuildPhase;
			buildActionMask = 2147483647;
			files = (
				0FDD697023595C2B00BE021D /* ScheduleListCell.swift in Sources */,
				0FE78015235070C100CD6361 /* Schedule.swift in Sources */,
				0F065CBF2362CF91003C68ED /* SlideShow.swift in Sources */,
				0F4812C7235466C5000FBC49 /* LoginModel.swift in Sources */,
				0FDC24C9234F0E0300552BCB /* Home.swift in Sources */,
				0FD4311A2366A6F000F8E77F /* ConsigneeList.swift in Sources */,
				0FEA5FEB235DBC7D0065DF98 /* APCalendarViewController.swift in Sources */,
				0FDD697A2359BF4B00BE021D /* ScheduleListViewModel.swift in Sources */,
				0FD431202366E7F600F8E77F /* AddNewConsignee.swift in Sources */,
				0FEA5FE9235DBC7D0065DF98 /* APDynamicType.swift in Sources */,
				0FD04A2723600F71003B78B7 /* YBTextPickerCell.swift in Sources */,
				0FD4311C2366A7D700F8E77F /* ConsigneeListCell.swift in Sources */,
				0F4812C52354624C000FBC49 /* API_Services.swift in Sources */,
				0F065CC32362D07C003C68ED /* HomeServices.swift in Sources */,
				0FD04A2823600F71003B78B7 /* YBTextPicker.swift in Sources */,
				0FDC24C7234F0E0300552BCB /* AppDelegate.swift in Sources */,
				0FDD697223598E0300BE021D /* ScheduleViewModel.swift in Sources */,
				0F065CC12362D001003C68ED /* HomeViewModel.swift in Sources */,
				0FEA5FEE235DBC7D0065DF98 /* APCustomCalendarContainer.swift in Sources */,
				0F72FC882355747300248BD5 /* Account.swift in Sources */,
				0FF6026B235D4AAC0078089E /* ListScheduleNC.swift in Sources */,
				0FEA5FF0235DBC7D0065DF98 /* HapticFeedbackGenerator.swift in Sources */,
				0FEA5FED235DBC7D0065DF98 /* APCustomCalendarYearCell.swift in Sources */,
				0F78AC2F23617C95003332AC /* Contoh2.swift in Sources */,
				0FF7B8C9235EBCAF00F08DF5 /* AccountNC.swift in Sources */,
				0FDD6976235994A400BE021D /* RemotePelabuhan.swift in Sources */,
				0FEA5FEA235DBC7D0065DF98 /* APHorizontalScrollCollectionView.swift in Sources */,
				0F4812C023542C82000FBC49 /* Login.swift in Sources */,
				0FDD69782359A35E00BE021D /* ListScheduleModel.swift in Sources */,
				0FDD696D23595AF700BE021D /* ScheduleList.swift in Sources */,
				0F78AC2D23617C79003332AC /* Contoh1.swift in Sources */,
				0FDD697423598FF300BE021D /* ScheduleServices.swift in Sources */,
				0F4812C923546A3E000FBC49 /* LoginViewModel.swift in Sources */,
				0FD04A2523600F71003B78B7 /* YBTextPickerDataModel.swift in Sources */,
				0FD431222366F5C400F8E77F /* ModifyConsignee.swift in Sources */,
			);
			runOnlyForDeploymentPostprocessing = 0;
		};
/* End PBXSourcesBuildPhase section */

/* Begin PBXVariantGroup section */
		0FDC24CA234F0E0300552BCB /* Main.storyboard */ = {
			isa = PBXVariantGroup;
			children = (
				0FDC24CB234F0E0300552BCB /* Base */,
			);
			name = Main.storyboard;
			sourceTree = "<group>";
		};
		0FDC24CF234F0E0E00552BCB /* LaunchScreen.storyboard */ = {
			isa = PBXVariantGroup;
			children = (
				0FDC24D0234F0E0E00552BCB /* Base */,
			);
			name = LaunchScreen.storyboard;
			sourceTree = "<group>";
		};
/* End PBXVariantGroup section */

/* Begin XCBuildConfiguration section */
		0FDC24D3234F0E0E00552BCB /* Debug */ = {
			isa = XCBuildConfiguration;
			buildSettings = {
				ALWAYS_SEARCH_USER_PATHS = NO;
				CLANG_ANALYZER_NONNULL = YES;
				CLANG_ANALYZER_NUMBER_OBJECT_CONVERSION = YES_AGGRESSIVE;
				CLANG_CXX_LANGUAGE_STANDARD = "gnu++14";
				CLANG_CXX_LIBRARY = "libc++";
				CLANG_ENABLE_MODULES = YES;
				CLANG_ENABLE_OBJC_ARC = YES;
				CLANG_ENABLE_OBJC_WEAK = YES;
				CLANG_WARN_BLOCK_CAPTURE_AUTORELEASING = YES;
				CLANG_WARN_BOOL_CONVERSION = YES;
				CLANG_WARN_COMMA = YES;
				CLANG_WARN_CONSTANT_CONVERSION = YES;
				CLANG_WARN_DEPRECATED_OBJC_IMPLEMENTATIONS = YES;
				CLANG_WARN_DIRECT_OBJC_ISA_USAGE = YES_ERROR;
				CLANG_WARN_DOCUMENTATION_COMMENTS = YES;
				CLANG_WARN_EMPTY_BODY = YES;
				CLANG_WARN_ENUM_CONVERSION = YES;
				CLANG_WARN_INFINITE_RECURSION = YES;
				CLANG_WARN_INT_CONVERSION = YES;
				CLANG_WARN_NON_LITERAL_NULL_CONVERSION = YES;
				CLANG_WARN_OBJC_IMPLICIT_RETAIN_SELF = YES;
				CLANG_WARN_OBJC_LITERAL_CONVERSION = YES;
				CLANG_WARN_OBJC_ROOT_CLASS = YES_ERROR;
				CLANG_WARN_RANGE_LOOP_ANALYSIS = YES;
				CLANG_WARN_STRICT_PROTOTYPES = YES;
				CLANG_WARN_SUSPICIOUS_MOVE = YES;
				CLANG_WARN_UNGUARDED_AVAILABILITY = YES_AGGRESSIVE;
				CLANG_WARN_UNREACHABLE_CODE = YES;
				CLANG_WARN__DUPLICATE_METHOD_MATCH = YES;
				CODE_SIGN_IDENTITY = "iPhone Developer";
				COPY_PHASE_STRIP = NO;
				DEBUG_INFORMATION_FORMAT = dwarf;
				ENABLE_STRICT_OBJC_MSGSEND = YES;
				ENABLE_TESTABILITY = YES;
				GCC_C_LANGUAGE_STANDARD = gnu11;
				GCC_DYNAMIC_NO_PIC = NO;
				GCC_NO_COMMON_BLOCKS = YES;
				GCC_OPTIMIZATION_LEVEL = 0;
				GCC_PREPROCESSOR_DEFINITIONS = (
					"DEBUG=1",
					"$(inherited)",
				);
				GCC_WARN_64_TO_32_BIT_CONVERSION = YES;
				GCC_WARN_ABOUT_RETURN_TYPE = YES_ERROR;
				GCC_WARN_UNDECLARED_SELECTOR = YES;
				GCC_WARN_UNINITIALIZED_AUTOS = YES_AGGRESSIVE;
				GCC_WARN_UNUSED_FUNCTION = YES;
				GCC_WARN_UNUSED_VARIABLE = YES;
				IPHONEOS_DEPLOYMENT_TARGET = 12.4;
				MTL_ENABLE_DEBUG_INFO = INCLUDE_SOURCE;
				MTL_FAST_MATH = YES;
				ONLY_ACTIVE_ARCH = YES;
				SDKROOT = iphoneos;
				SWIFT_ACTIVE_COMPILATION_CONDITIONS = DEBUG;
				SWIFT_OPTIMIZATION_LEVEL = "-Onone";
			};
			name = Debug;
		};
		0FDC24D4234F0E0E00552BCB /* Release */ = {
			isa = XCBuildConfiguration;
			buildSettings = {
				ALWAYS_SEARCH_USER_PATHS = NO;
				CLANG_ANALYZER_NONNULL = YES;
				CLANG_ANALYZER_NUMBER_OBJECT_CONVERSION = YES_AGGRESSIVE;
				CLANG_CXX_LANGUAGE_STANDARD = "gnu++14";
				CLANG_CXX_LIBRARY = "libc++";
				CLANG_ENABLE_MODULES = YES;
				CLANG_ENABLE_OBJC_ARC = YES;
				CLANG_ENABLE_OBJC_WEAK = YES;
				CLANG_WARN_BLOCK_CAPTURE_AUTORELEASING = YES;
				CLANG_WARN_BOOL_CONVERSION = YES;
				CLANG_WARN_COMMA = YES;
				CLANG_WARN_CONSTANT_CONVERSION = YES;
				CLANG_WARN_DEPRECATED_OBJC_IMPLEMENTATIONS = YES;
				CLANG_WARN_DIRECT_OBJC_ISA_USAGE = YES_ERROR;
				CLANG_WARN_DOCUMENTATION_COMMENTS = YES;
				CLANG_WARN_EMPTY_BODY = YES;
				CLANG_WARN_ENUM_CONVERSION = YES;
				CLANG_WARN_INFINITE_RECURSION = YES;
				CLANG_WARN_INT_CONVERSION = YES;
				CLANG_WARN_NON_LITERAL_NULL_CONVERSION = YES;
				CLANG_WARN_OBJC_IMPLICIT_RETAIN_SELF = YES;
				CLANG_WARN_OBJC_LITERAL_CONVERSION = YES;
				CLANG_WARN_OBJC_ROOT_CLASS = YES_ERROR;
				CLANG_WARN_RANGE_LOOP_ANALYSIS = YES;
				CLANG_WARN_STRICT_PROTOTYPES = YES;
				CLANG_WARN_SUSPICIOUS_MOVE = YES;
				CLANG_WARN_UNGUARDED_AVAILABILITY = YES_AGGRESSIVE;
				CLANG_WARN_UNREACHABLE_CODE = YES;
				CLANG_WARN__DUPLICATE_METHOD_MATCH = YES;
				CODE_SIGN_IDENTITY = "iPhone Developer";
				COPY_PHASE_STRIP = NO;
				DEBUG_INFORMATION_FORMAT = "dwarf-with-dsym";
				ENABLE_NS_ASSERTIONS = NO;
				ENABLE_STRICT_OBJC_MSGSEND = YES;
				GCC_C_LANGUAGE_STANDARD = gnu11;
				GCC_NO_COMMON_BLOCKS = YES;
				GCC_WARN_64_TO_32_BIT_CONVERSION = YES;
				GCC_WARN_ABOUT_RETURN_TYPE = YES_ERROR;
				GCC_WARN_UNDECLARED_SELECTOR = YES;
				GCC_WARN_UNINITIALIZED_AUTOS = YES_AGGRESSIVE;
				GCC_WARN_UNUSED_FUNCTION = YES;
				GCC_WARN_UNUSED_VARIABLE = YES;
				IPHONEOS_DEPLOYMENT_TARGET = 12.4;
				MTL_ENABLE_DEBUG_INFO = NO;
				MTL_FAST_MATH = YES;
				SDKROOT = iphoneos;
				SWIFT_COMPILATION_MODE = wholemodule;
				SWIFT_OPTIMIZATION_LEVEL = "-O";
				VALIDATE_PRODUCT = YES;
			};
			name = Release;
		};
		0FDC24D6234F0E0E00552BCB /* Debug */ = {
			isa = XCBuildConfiguration;
			baseConfigurationReference = D6CCF8D3A1058317C5DA2C2C /* Pods-Meratus.debug.xcconfig */;
			buildSettings = {
				ASSETCATALOG_COMPILER_APPICON_NAME = AppIcon;
				CODE_SIGN_IDENTITY = "iPhone Developer";
				CODE_SIGN_STYLE = Automatic;
				DEVELOPMENT_TEAM = 62PYG5KRDL;
				INFOPLIST_FILE = Meratus/Info.plist;
				IPHONEOS_DEPLOYMENT_TARGET = 9.0;
				LD_RUNPATH_SEARCH_PATHS = (
					"$(inherited)",
					"@executable_path/Frameworks",
				);
				PRODUCT_BUNDLE_IDENTIFIER = com.MeratusLine.Meratus;
				PRODUCT_NAME = "$(TARGET_NAME)";
				PROVISIONING_PROFILE_SPECIFIER = "";
				SWIFT_VERSION = 5.0;
				TARGETED_DEVICE_FAMILY = 1;
			};
			name = Debug;
		};
		0FDC24D7234F0E0E00552BCB /* Release */ = {
			isa = XCBuildConfiguration;
			baseConfigurationReference = F30E162A7682A04E6C0BE405 /* Pods-Meratus.release.xcconfig */;
			buildSettings = {
				ASSETCATALOG_COMPILER_APPICON_NAME = AppIcon;
				CODE_SIGN_IDENTITY = "iPhone Developer";
				CODE_SIGN_STYLE = Automatic;
				DEVELOPMENT_TEAM = 62PYG5KRDL;
				INFOPLIST_FILE = Meratus/Info.plist;
				IPHONEOS_DEPLOYMENT_TARGET = 9.0;
				LD_RUNPATH_SEARCH_PATHS = (
					"$(inherited)",
					"@executable_path/Frameworks",
				);
				PRODUCT_BUNDLE_IDENTIFIER = com.MeratusLine.Meratus;
				PRODUCT_NAME = "$(TARGET_NAME)";
				PROVISIONING_PROFILE_SPECIFIER = "";
				SWIFT_VERSION = 5.0;
				TARGETED_DEVICE_FAMILY = 1;
			};
			name = Release;
		};
/* End XCBuildConfiguration section */

/* Begin XCConfigurationList section */
		0FDC24BE234F0E0300552BCB /* Build configuration list for PBXProject "Meratus" */ = {
			isa = XCConfigurationList;
			buildConfigurations = (
				0FDC24D3234F0E0E00552BCB /* Debug */,
				0FDC24D4234F0E0E00552BCB /* Release */,
			);
			defaultConfigurationIsVisible = 0;
			defaultConfigurationName = Release;
		};
		0FDC24D5234F0E0E00552BCB /* Build configuration list for PBXNativeTarget "Meratus" */ = {
			isa = XCConfigurationList;
			buildConfigurations = (
				0FDC24D6234F0E0E00552BCB /* Debug */,
				0FDC24D7234F0E0E00552BCB /* Release */,
			);
			defaultConfigurationIsVisible = 0;
			defaultConfigurationName = Release;
		};
/* End XCConfigurationList section */
	};
	rootObject = 0FDC24BB234F0E0300552BCB /* Project object */;
}
